
Microsoft Visual Studio Solution File, Format Version 12.00
# Visual Studio 15
VisualStudioVersion = 15.0.27703.2018
MinimumVisualStudioVersion = 10.0.40219.1
Project("{FAE04EC0-301F-11D3-BF4B-00C04F79EFBC}") = "HelloWearApp", "HelloWearApp\HelloWearApp\HelloWearApp.csproj", "{33D91D0E-6060-44D6-92FA-0FDF95BD9A24}"
EndProject
Global
	GlobalSection(SolutionConfigurationPlatforms) = preSolution
		Debug|Any CPU = Debug|Any CPU
		Release|Any CPU = Release|Any CPU
	EndGlobalSection
	GlobalSection(ProjectConfigurationPlatforms) = postSolution
		{33D91D0E-6060-44D6-92FA-0FDF95BD9A24}.Debug|Any CPU.ActiveCfg = Debug|Any CPU
		{33D91D0E-6060-44D6-92FA-0FDF95BD9A24}.Debug|Any CPU.Build.0 = Debug|Any CPU
		{33D91D0E-6060-44D6-92FA-0FDF95BD9A24}.Debug|Any CPU.Deploy.0 = Debug|Any CPU
		{33D91D0E-6060-44D6-92FA-0FDF95BD9A24}.Release|Any CPU.ActiveCfg = Release|Any CPU
		{33D91D0E-6060-44D6-92FA-0FDF95BD9A24}.Release|Any CPU.Build.0 = Release|Any CPU
		{33D91D0E-6060-44D6-92FA-0FDF95BD9A24}.Release|Any CPU.Deploy.0 = Release|Any CPU
	EndGlobalSection
	GlobalSection(SolutionProperties) = preSolution
		HideSolutionNode = FALSE
	EndGlobalSection
	GlobalSection(ExtensibilityGlobals) = postSolution
		SolutionGuid = {966EDB9D-C00B-4FAB-9314-FADF9C1E6B21}
	EndGlobalSection
EndGlobal
